# This file was autogenerated by Stack.
# You should not edit this file by hand.
# For more information, please see the documentation at:
#   https://docs.haskellstack.org/en/stable/lock_files

packages:
- completed:
    hackage: gloss-1.13.1.2@sha256:25badaef6c8bfe92605310f9810be94074bdc63f00ffa7c85bf4c93825ba8e6b,4104
    pantry-tree:
      size: 3807
      sha256: 926a8265fd7a696f8784a7cfc9d638f51edee1aebacb19bda7f71dc5dfbaeee0
  original:
    hackage: gloss-1.13.1.2
snapshots:
- completed:
    size: 532177
    url: https://raw.githubusercontent.com/commercialhaskell/stackage-snapshots/master/lts/16/20.yaml
    sha256: 0e14ba5603f01e8496e8984fd84b545a012ca723f51a098c6c9d3694e404dc6d
  original:
    url: https://raw.githubusercontent.com/commercialhaskell/stackage-snapshots/master/lts/16/20.yaml
